<?xml version="1.0" encoding="utf-8"?>
<Project ToolsVersion="4.0" xmlns="http://schemas.microsoft.com/developer/msbuild/2003">
  <ItemGroup>
    <Filter Include="소스 파일">
      <UniqueIdentifier>{4FC737F1-C7A5-4376-A066-2A32D752A2FF}</UniqueIdentifier>
      <Extensions>cpp;c;cc;cxx;c++;cppm;ixx;def;odl;idl;hpj;bat;asm;asmx</Extensions>
    </Filter>
    <Filter Include="헤더 파일">
      <UniqueIdentifier>{93995380-89BD-4b04-88EB-625FBE52EBFB}</UniqueIdentifier>
      <Extensions>h;hh;hpp;hxx;h++;hm;inl;inc;ipp;xsd</Extensions>
    </Filter>
    <Filter Include="리소스 파일">
      <UniqueIdentifier>{77805011-d04e-4fe8-9f06-186a3ea83617}</UniqueIdentifier>
    </Filter>
    <Filter Include="리소스 파일\Shaders">
      <UniqueIdentifier>{599176a8-c548-421d-b738-a48a7d50a31a}</UniqueIdentifier>
    </Filter>
    <Filter Include="리소스 파일\Shaders\Cube">
      <UniqueIdentifier>{d141d60d-86cd-41d0-b5fe-3e890fd55bd3}</UniqueIdentifier>
    </Filter>
    <Filter Include="리소스 파일\Shaders\Opaque">
      <UniqueIdentifier>{918a8d1f-9e50-44a9-97ee-2515f86926e5}</UniqueIdentifier>
    </Filter>
    <Filter Include="리소스 파일\Shaders\NormalOpaque">
      <UniqueIdentifier>{b010056a-024a-4802-9d2b-10e4612ffb73}</UniqueIdentifier>
    </Filter>
    <Filter Include="리소스 파일\Shaders\Shadow">
      <UniqueIdentifier>{f3a798bc-daa1-4d63-a407-87c1c1191a13}</UniqueIdentifier>
    </Filter>
    <Filter Include="리소스 파일\Shaders\Ssao">
      <UniqueIdentifier>{54fadfa1-4856-48a6-ab93-00aa4ffded02}</UniqueIdentifier>
    </Filter>
    <Filter Include="리소스 파일\Shaders\Ssao\Ssao">
      <UniqueIdentifier>{df3584ca-1a31-431b-a6c4-55521862e618}</UniqueIdentifier>
    </Filter>
    <Filter Include="리소스 파일\Shaders\Ssao\SsaoBlur">
      <UniqueIdentifier>{ecf39fcf-65c4-4dcc-b571-2c5afe7c8478}</UniqueIdentifier>
    </Filter>
    <Filter Include="리소스 파일\Shaders\Ssao\DrawNormals">
      <UniqueIdentifier>{89c935a4-7ce2-4e12-9c2c-56c464025591}</UniqueIdentifier>
    </Filter>
    <Filter Include="리소스 파일\Shaders\Debug">
      <UniqueIdentifier>{1b055f21-603a-494a-82ed-657d52ca4e6e}</UniqueIdentifier>
    </Filter>
  </ItemGroup>
  <ItemGroup>
    <ClCompile Include="Camera.cpp">
      <Filter>소스 파일</Filter>
    </ClCompile>
    <ClCompile Include="Material.cpp">
      <Filter>소스 파일</Filter>
    </ClCompile>
    <ClCompile Include="MainLoop.cpp">
      <Filter>소스 파일</Filter>
    </ClCompile>
    <ClCompile Include="KeyInput.cpp">
      <Filter>소스 파일</Filter>
    </ClCompile>
    <ClCompile Include="GameTimer.cpp">
      <Filter>소스 파일</Filter>
    </ClCompile>
    <ClCompile Include="GeometryGenerator.cpp">
      <Filter>소스 파일</Filter>
    </ClCompile>
    <ClCompile Include="SetupData.cpp">
      <Filter>소스 파일</Filter>
    </ClCompile>
    <ClCompile Include="Helper.cpp">
      <Filter>소스 파일</Filter>
    </ClCompile>
    <ClCompile Include="Window.cpp">
      <Filter>소스 파일</Filter>
    </ClCompile>
    <ClCompile Include="Utility.cpp">
      <Filter>소스 파일</Filter>
    </ClCompile>
    <ClCompile Include="MathHelper.cpp">
      <Filter>소스 파일</Filter>
    </ClCompile>
    <ClCompile Include="MockData.cpp">
      <Filter>소스 파일</Filter>
    </ClCompile>
    <ClCompile Include="Mesh.cpp">
      <Filter>소스 파일</Filter>
    </ClCompile>
    <ClCompile Include="Model.cpp">
      <Filter>소스 파일</Filter>
    </ClCompile>
    <ClCompile Include="Shadow.cpp">
      <Filter>소스 파일</Filter>
    </ClCompile>
    <ClCompile Include="Ssao.cpp">
      <Filter>소스 파일</Filter>
    </ClCompile>
  </ItemGroup>
  <ItemGroup>
    <ClInclude Include="Camera.h">
      <Filter>헤더 파일</Filter>
    </ClInclude>
    <ClInclude Include="Material.h">
      <Filter>헤더 파일</Filter>
    </ClInclude>
    <ClInclude Include="MainLoop.h">
      <Filter>헤더 파일</Filter>
    </ClInclude>
    <ClInclude Include="KeyInput.h">
      <Filter>헤더 파일</Filter>
    </ClInclude>
    <ClInclude Include="GameTimer.h">
      <Filter>헤더 파일</Filter>
    </ClInclude>
    <ClInclude Include="GeometryGenerator.h">
      <Filter>헤더 파일</Filter>
    </ClInclude>
    <ClInclude Include="SetupData.h">
      <Filter>헤더 파일</Filter>
    </ClInclude>
    <ClInclude Include="Helper.h">
      <Filter>헤더 파일</Filter>
    </ClInclude>
    <ClInclude Include="Window.h">
      <Filter>헤더 파일</Filter>
    </ClInclude>
    <ClInclude Include="Utility.h">
      <Filter>헤더 파일</Filter>
    </ClInclude>
    <ClInclude Include="MathHelper.h">
      <Filter>헤더 파일</Filter>
    </ClInclude>
    <ClInclude Include="MockData.h">
      <Filter>헤더 파일</Filter>
    </ClInclude>
    <ClInclude Include="Mesh.h">
      <Filter>헤더 파일</Filter>
    </ClInclude>
    <ClInclude Include="Model.h">
      <Filter>헤더 파일</Filter>
    </ClInclude>
    <ClInclude Include="Shadow.h">
      <Filter>헤더 파일</Filter>
    </ClInclude>
    <ClInclude Include="Ssao.h">
      <Filter>헤더 파일</Filter>
    </ClInclude>
  </ItemGroup>
  <ItemGroup>
    <None Include="..\Resource\Shaders\LightingUtil.hlsli">
      <Filter>리소스 파일\Shaders</Filter>
    </None>
    <None Include="..\Resource\Shaders\Cube\Type.hlsli">
      <Filter>리소스 파일\Shaders\Cube</Filter>
    </None>
    <None Include="..\Resource\Shaders\Register.hlsli">
      <Filter>리소스 파일\Shaders</Filter>
    </None>
    <None Include="..\Resource\Shaders\Common.hlsli">
      <Filter>리소스 파일\Shaders</Filter>
    </None>
    <None Include="..\Resource\Shaders\Opaque\Type.hlsli">
      <Filter>리소스 파일\Shaders\Opaque</Filter>
    </None>
    <None Include="..\Resource\Shaders\NormalOpaque\Type.hlsli">
      <Filter>리소스 파일\Shaders\NormalOpaque</Filter>
    </None>
    <None Include="..\Resource\Shaders\Shadow\Type.hlsli">
      <Filter>리소스 파일\Shaders\Shadow</Filter>
    </None>
    <None Include="..\Resource\Shaders\Ssao\Ssao\Type.hlsli">
      <Filter>리소스 파일\Shaders\Ssao\Ssao</Filter>
    </None>
    <None Include="..\Resource\Shaders\Ssao\Register.hlsli">
      <Filter>리소스 파일\Shaders\Ssao</Filter>
    </None>
    <None Include="..\Resource\Shaders\Ssao\SsaoBlur\Type.hlsli">
      <Filter>리소스 파일\Shaders\Ssao\SsaoBlur</Filter>
    </None>
    <None Include="..\Resource\Shaders\Ssao\Utility.hlsli">
      <Filter>리소스 파일\Shaders\Ssao</Filter>
    </None>
    <None Include="..\Resource\Shaders\Ssao\DrawNormals\Type.hlsli">
      <Filter>리소스 파일\Shaders\Ssao\DrawNormals</Filter>
    </None>
    <None Include="..\Resource\Shaders\Debug\Type.hlsli">
      <Filter>리소스 파일\Shaders\Debug</Filter>
    </None>
  </ItemGroup>
  <ItemGroup>
    <FxCompile Include="..\Resource\Shaders\Cube\PS.hlsl">
      <Filter>리소스 파일\Shaders\Cube</Filter>
    </FxCompile>
    <FxCompile Include="..\Resource\Shaders\Cube\VS.hlsl">
      <Filter>리소스 파일\Shaders\Cube</Filter>
    </FxCompile>
    <FxCompile Include="..\Resource\Shaders\Opaque\PS.hlsl">
      <Filter>리소스 파일\Shaders\Opaque</Filter>
    </FxCompile>
    <FxCompile Include="..\Resource\Shaders\Opaque\VS.hlsl">
      <Filter>리소스 파일\Shaders\Opaque</Filter>
    </FxCompile>
    <FxCompile Include="..\Resource\Shaders\NormalOpaque\VS.hlsl">
      <Filter>리소스 파일\Shaders\NormalOpaque</Filter>
    </FxCompile>
    <FxCompile Include="..\Resource\Shaders\NormalOpaque\PS.hlsl">
      <Filter>리소스 파일\Shaders\NormalOpaque</Filter>
    </FxCompile>
    <FxCompile Include="..\Resource\Shaders\Shadow\PS.hlsl">
      <Filter>리소스 파일\Shaders\Shadow</Filter>
    </FxCompile>
    <FxCompile Include="..\Resource\Shaders\Shadow\VS.hlsl">
      <Filter>리소스 파일\Shaders\Shadow</Filter>
    </FxCompile>
    <FxCompile Include="..\Resource\Shaders\Ssao\Ssao\PS.hlsl">
      <Filter>리소스 파일\Shaders\Ssao\Ssao</Filter>
    </FxCompile>
    <FxCompile Include="..\Resource\Shaders\Ssao\Ssao\VS.hlsl">
      <Filter>리소스 파일\Shaders\Ssao\Ssao</Filter>
    </FxCompile>
    <FxCompile Include="..\Resource\Shaders\Ssao\SsaoBlur\PS.hlsl">
      <Filter>리소스 파일\Shaders\Ssao\SsaoBlur</Filter>
    </FxCompile>
    <FxCompile Include="..\Resource\Shaders\Ssao\SsaoBlur\VS.hlsl">
      <Filter>리소스 파일\Shaders\Ssao\SsaoBlur</Filter>
    </FxCompile>
    <FxCompile Include="..\Resource\Shaders\Ssao\DrawNormals\PS.hlsl">
      <Filter>리소스 파일\Shaders\Ssao\DrawNormals</Filter>
    </FxCompile>
    <FxCompile Include="..\Resource\Shaders\Ssao\DrawNormals\VS.hlsl">
      <Filter>리소스 파일\Shaders\Ssao\DrawNormals</Filter>
    </FxCompile>
    <FxCompile Include="..\Resource\Shaders\Debug\PS.hlsl">
      <Filter>리소스 파일\Shaders\Debug</Filter>
    </FxCompile>
    <FxCompile Include="..\Resource\Shaders\Debug\VS.hlsl">
      <Filter>리소스 파일\Shaders\Debug</Filter>
    </FxCompile>
  </ItemGroup>
</Project>